{
    "name": "marko-test",
    "version": "1.0.0",
    "lockfileVersion": 1,
    "requires": true,
    "dependencies": {
        "async-writer": {
            "version": "1.4.5",
            "resolved": "https://nexus.drivenow.com.au/repository/npm/async-writer/-/async-writer-1.4.5.tgz",
            "integrity": "sha1-ilUnuUk+WffzGkpHGE4OoS6/KD8=",
            "requires": {
                "events": "^1.0.2"
            }
        },
        "browser-refresh-taglib": {
            "version": "1.1.0",
            "resolved": "https://nexus.drivenow.com.au/repository/npm/browser-refresh-taglib/-/browser-refresh-taglib-1.1.0.tgz",
            "integrity": "sha1-8zGLt6vR9ZeVQzq8fBuKo+JCYPE=",
            "requires": {
                "raptor-dust": "^1"
            }
        },
        "complain": {
            "version": "1.3.0",
            "resolved": "https://nexus.drivenow.com.au/repository/npm/complain/-/complain-1.3.0.tgz",
            "integrity": "sha512-PA9uGpaS4BXKrhFx3rl2nZMWySnGoW1pWf+dpBqNdDx3uR6PA0EPxjD17H9OxvW5w/bODBSziQ516Guf59rW+w==",
            "requires": {
                "error-stack-parser": "^2.0.1"
            }
        },
        "error-stack-parser": {
            "version": "2.0.2",
            "resolved": "https://nexus.drivenow.com.au/repository/npm/error-stack-parser/-/error-stack-parser-2.0.2.tgz",
            "integrity": "sha512-E1fPutRDdIj/hohG0UpT5mayXNCxXP9d+snxFsPU9X0XgccOumKraa3juDMwTUyi7+Bu5+mCGagjg4IYeNbOdw==",
            "requires": {
                "stackframe": "^1.0.4"
            }
        },
        "events": {
            "version": "1.1.1",
            "resolved": "https://nexus.drivenow.com.au/repository/npm/events/-/events-1.1.1.tgz",
            "integrity": "sha1-nr23Y1rQmccNzEwqH1AEKI6L2SQ="
        },
        "lasso-caching-fs": {
            "version": "1.0.2",
            "resolved": "https://nexus.drivenow.com.au/repository/npm/lasso-caching-fs/-/lasso-caching-fs-1.0.2.tgz",
            "integrity": "sha1-m+TrHwaqwSYDRMrq70LC8AhusQ0=",
            "requires": {
                "raptor-async": "^1.1.2"
            }
        },
        "lasso-modules-client": {
            "version": "1.0.0",
            "resolved": "https://nexus.drivenow.com.au/repository/npm/lasso-modules-client/-/lasso-modules-client-1.0.0.tgz",
            "integrity": "sha1-nBR/1mAO8/wwSmCKkHNGoLagwFE=",
            "requires": {
                "lasso-package-root": "^1.0.0",
                "raptor-polyfill": "^1.0.2"
            }
        },
        "lasso-package-root": {
            "version": "1.0.1",
            "resolved": "https://nexus.drivenow.com.au/repository/npm/lasso-package-root/-/lasso-package-root-1.0.1.tgz",
            "integrity": "sha1-mX0OcfQdA8Xw+gmlvCmNeW+LLCM=",
            "requires": {
                "lasso-caching-fs": "^1.0.0"
            }
        },
        "listener-tracker": {
            "version": "1.2.0",
            "resolved": "https://nexus.drivenow.com.au/repository/npm/listener-tracker/-/listener-tracker-1.2.0.tgz",
            "integrity": "sha1-z4vVjXnZldlSJLgniO7SYBZ+E14="
        },
        "marko-widgets": {
            "version": "6.6.6",
            "resolved": "https://nexus.drivenow.com.au/repository/npm/marko-widgets/-/marko-widgets-6.6.6.tgz",
            "integrity": "sha512-mtChb95DY0XP1gZzYbRVXIPndCVKyIGIXtlo5CrUvTR3LjLl08rGfeEyYqdIHdRNwxMONp20q05BdyjkBhYJ7A==",
            "requires": {
                "complain": "^1.0.0",
                "events": "^1.0.2",
                "lasso-modules-client": "^1.0.0",
                "listener-tracker": "^1.0.2",
                "morphdom": "^1.4.6",
                "raptor-async": "^1.1.2",
                "raptor-dom": "^1.1.0",
                "raptor-json": "^1.0.1",
                "raptor-logging": "^1.0.1",
                "raptor-polyfill": "^1.0.0",
                "raptor-pubsub": "^1.0.2",
                "raptor-renderer": "^1.4.4",
                "raptor-util": "^2.0.0",
                "resolve-from": "^1.0.1",
                "try-require": "^1.2.1",
                "warp10": "^1.3.6"
            },
            "dependencies": {
                "raptor-util": {
                    "version": "2.0.1",
                    "resolved": "https://nexus.drivenow.com.au/repository/npm/raptor-util/-/raptor-util-2.0.1.tgz",
                    "integrity": "sha1-PGKLgo6hgtHO4wi7G19F6ub+D40="
                }
            }
        },
        "morphdom": {
            "version": "1.4.6",
            "resolved": "https://nexus.drivenow.com.au/repository/npm/morphdom/-/morphdom-1.4.6.tgz",
            "integrity": "sha1-C9T4IH7IfDgVe2dux7m88xjwg40="
        },
        "raptor-async": {
            "version": "1.1.3",
            "resolved": "https://nexus.drivenow.com.au/repository/npm/raptor-async/-/raptor-async-1.1.3.tgz",
            "integrity": "sha1-uDw8m2A9yYXCw6n3jStAc+b2Akw="
        },
        "raptor-dom": {
            "version": "1.1.1",
            "resolved": "https://nexus.drivenow.com.au/repository/npm/raptor-dom/-/raptor-dom-1.1.1.tgz",
            "integrity": "sha1-Xt4wpy3A+ZeiwXMfwfLESz+1rFo=",
            "requires": {
                "raptor-pubsub": "^1.0.5"
            }
        },
        "raptor-dust": {
            "version": "1.1.12",
            "resolved": "https://nexus.drivenow.com.au/repository/npm/raptor-dust/-/raptor-dust-1.1.12.tgz",
            "integrity": "sha1-/ZDKqnXxweZ5lYes7GT6FL/39Dk=",
            "requires": {
                "async-writer": "^1.1.0",
                "raptor-util": "^1.0.0"
            }
        },
        "raptor-json": {
            "version": "1.1.0",
            "resolved": "https://nexus.drivenow.com.au/repository/npm/raptor-json/-/raptor-json-1.1.0.tgz",
            "integrity": "sha1-cL0JsU5k99MuxQzOg3fWApwPCHY=",
            "requires": {
                "raptor-strings": "^1.0.0"
            }
        },
        "raptor-logging": {
            "version": "1.1.3",
            "resolved": "https://nexus.drivenow.com.au/repository/npm/raptor-logging/-/raptor-logging-1.1.3.tgz",
            "integrity": "sha512-eklLyQmG5Y2oyIrSsvkFjBkjRYvwjemUQpQhjG757KKaNPxIPX9wu34bfQkIcS7OG495CP28CjX9baABLfOzIw==",
            "requires": {
                "raptor-polyfill": "^1.0.0",
                "raptor-stacktraces": "^1.0.0"
            }
        },
        "raptor-polyfill": {
            "version": "1.1.0",
            "resolved": "https://nexus.drivenow.com.au/repository/npm/raptor-polyfill/-/raptor-polyfill-1.1.0.tgz",
            "integrity": "sha512-VhFc5e6EuNGdax7FQ2QWlCdXFi5OBBsclDh0kzZtgBI7lauc8aFs7+htdi5Q3qCRoYXfsucSBsRKf7a3s+YGmA=="
        },
        "raptor-pubsub": {
            "version": "1.0.5",
            "resolved": "https://nexus.drivenow.com.au/repository/npm/raptor-pubsub/-/raptor-pubsub-1.0.5.tgz",
            "integrity": "sha1-Fe4SoOUFnsFbcv+dYeyvn0IS70c=",
            "requires": {
                "events": "^1.0.2",
                "raptor-util": "^1.0.0"
            }
        },
        "raptor-renderer": {
            "version": "1.5.0",
            "resolved": "https://nexus.drivenow.com.au/repository/npm/raptor-renderer/-/raptor-renderer-1.5.0.tgz",
            "integrity": "sha512-Bf6aIh/80cjFz9+xJ//5aV/rIDbqMNYZOsCxgXbXJfNLGjGPO4wn9nixdSASl/Pl3wCUTIixU542qjbCQBRYvQ==",
            "requires": {
                "async-writer": "^2.0.0",
                "raptor-dom": "^1.0.0",
                "raptor-pubsub": "^1.0.2",
                "raptor-util": "^1.0.0"
            },
            "dependencies": {
                "async-writer": {
                    "version": "2.1.3",
                    "resolved": "https://nexus.drivenow.com.au/repository/npm/async-writer/-/async-writer-2.1.3.tgz",
                    "integrity": "sha1-XCo4B8u3GwfSXX4kAhMnKvAwoo8=",
                    "requires": {
                        "complain": "^1.0.0",
                        "events": "^1.0.2"
                    }
                }
            }
        },
        "raptor-stacktraces": {
            "version": "1.0.1",
            "resolved": "https://nexus.drivenow.com.au/repository/npm/raptor-stacktraces/-/raptor-stacktraces-1.0.1.tgz",
            "integrity": "sha1-f5+ycafdza4pHGprFd3v+8wAinY="
        },
        "raptor-strings": {
            "version": "1.0.2",
            "resolved": "https://nexus.drivenow.com.au/repository/npm/raptor-strings/-/raptor-strings-1.0.2.tgz",
            "integrity": "sha1-ks4ssBU6/pBHDYA5oCVbTPM6tfw=",
            "requires": {
                "raptor-polyfill": "^1.0.1"
            }
        },
        "raptor-util": {
            "version": "1.1.2",
            "resolved": "https://nexus.drivenow.com.au/repository/npm/raptor-util/-/raptor-util-1.1.2.tgz",
            "integrity": "sha1-8u6AdqmuPq4uZWcuRqIgB0+i3/M="
        },
        "resolve-from": {
            "version": "1.0.1",
            "resolved": "https://nexus.drivenow.com.au/repository/npm/resolve-from/-/resolve-from-1.0.1.tgz",
            "integrity": "sha1-Jsv+k10a7uq7Kbw/5a6wHpPUQiY="
        },
        "stackframe": {
            "version": "1.0.4",
            "resolved": "https://nexus.drivenow.com.au/repository/npm/stackframe/-/stackframe-1.0.4.tgz",
            "integrity": "sha512-to7oADIniaYwS3MhtCa/sQhrxidCCQiF/qp4/m5iN3ipf0Y7Xlri0f6eG29r08aL7JYl8n32AF3Q5GYBZ7K8vw=="
        },
        "try-require": {
            "version": "1.2.1",
            "resolved": "https://nexus.drivenow.com.au/repository/npm/try-require/-/try-require-1.2.1.tgz",
            "integrity": "sha1-NEiaLKwMCcHMEO2RugEVlNQzO+I="
        },
        "warp10": {
            "version": "1.3.6",
            "resolved": "https://nexus.drivenow.com.au/repository/npm/warp10/-/warp10-1.3.6.tgz",
            "integrity": "sha512-7cijX+NprqPV+UGUZXZw1I15JFHPqoy65tNVvP6cL43Vlanpcm8hBYoQTuDYUHa5x90Bct4gHhRtqqOOkLhQkw=="
        }
    }
}
